# This file is autogenerated, do not edit; changes may be undone by the next 'dep ensure'.


[[projects]]
  digest = "1:4a32eb57407190eced21a21abee9ce4d4ab6f0bf113ca61cb1cb2d549a65c985"
  name = "github.com/golang/protobuf"
  packages = [
    "proto",
    "ptypes",
    "ptypes/any",
    "ptypes/duration",
    "ptypes/timestamp",
  ]
  pruneopts = "UT"
  revision = "d04d7b157bb510b1e0c10132224b616ac0e26b17"
  version = "v1.4.2"

[[projects]]
  digest = "1:29cf6f8de85fc67197cec7bbcf7a3ee0aae67616b153741b32ac252b682bdea9"
  name = "github.com/portto/flow"
  packages = ["protobuf/go/flow/entities"]
  pruneopts = "UT"
  revision = "169345272290e8472e5e1b459e1d17058917fc79"
  version = "v0.1.3"

[[projects]]
  branch = "master"
  digest = "1:bd0b162831e9b17ed1e5dc2ee121f939df7797160505103ea0e5c35ca2362543"
  name = "golang.org/x/net"
  packages = [
    "http/httpguts",
    "http2",
    "http2/hpack",
    "idna",
    "internal/timeseries",
    "trace",
  ]
  pruneopts = "UT"
  revision = "627f9648deb96c27737b83199d44bb5c1010cbcf"

[[projects]]
  branch = "master"
  digest = "1:a88fe0246d085e14829adc0333b68f26934b9898ad6a1cbe48bd4b4a24cb5a9a"
  name = "golang.org/x/sys"
  packages = [
    "internal/unsafeheader",
    "unix",
  ]
  pruneopts = "UT"
  revision = "6fdc65e7d9800cc59998e8ac0d9406a20ff5f399"

[[projects]]
  digest = "1:8d8faad6b12a3a4c819a3f9618cb6ee1fa1cfc33253abeeea8b55336721e3405"
  name = "golang.org/x/text"
  packages = [
    "collate",
    "collate/build",
    "internal/colltab",
    "internal/gen",
    "internal/language",
    "internal/language/compact",
    "internal/tag",
    "internal/triegen",
    "internal/ucd",
    "language",
    "secure/bidirule",
    "transform",
    "unicode/bidi",
    "unicode/cldr",
    "unicode/norm",
    "unicode/rangetable",
  ]
  pruneopts = "UT"
  revision = "342b2e1fbaa52c93f31447ad2c6abc048c63e475"
  version = "v0.3.2"

[[projects]]
  branch = "master"
  digest = "1:38a535c0a08f69883a9b411d8a3407ec2a0edf0e7dfb12e5f7000f41197d8441"
  name = "google.golang.org/genproto"
  packages = ["googleapis/rpc/status"]
  pruneopts = "UT"
  revision = "12044bf5ea91b8a5a57c6f153de38a18d4193ec9"

[[projects]]
  digest = "1:712fa3cb36bfb9e0d333e10f8dcb9b1e64aa2ec30cabed56c114b5e64d775823"
  name = "google.golang.org/grpc"
  packages = [
    ".",
    "attributes",
    "backoff",
    "balancer",
    "balancer/base",
    "balancer/roundrobin",
    "binarylog/grpc_binarylog_v1",
    "codes",
    "connectivity",
    "credentials",
    "credentials/internal",
    "encoding",
    "encoding/proto",
    "grpclog",
    "internal",
    "internal/backoff",
    "internal/balancerload",
    "internal/binarylog",
    "internal/buffer",
    "internal/channelz",
    "internal/envconfig",
    "internal/grpclog",
    "internal/grpcrand",
    "internal/grpcsync",
    "internal/grpcutil",
    "internal/resolver/dns",
    "internal/resolver/passthrough",
    "internal/status",
    "internal/syscall",
    "internal/transport",
    "keepalive",
    "metadata",
    "naming",
    "peer",
    "resolver",
    "serviceconfig",
    "stats",
    "status",
    "tap",
  ]
  pruneopts = "UT"
  revision = "754ee590a4f386d0910d887f3b8776354042260b"
  version = "v1.29.1"

[[projects]]
  digest = "1:310da5159baf5e46ce8d11a0cbcfe4c32cfdcb759e4fb284a71d094304e94be1"
  name = "google.golang.org/protobuf"
  packages = [
    "encoding/prototext",
    "encoding/protowire",
    "internal/descfmt",
    "internal/descopts",
    "internal/detrand",
    "internal/encoding/defval",
    "internal/encoding/messageset",
    "internal/encoding/tag",
    "internal/encoding/text",
    "internal/errors",
    "internal/fieldnum",
    "internal/fieldsort",
    "internal/filedesc",
    "internal/filetype",
    "internal/flags",
    "internal/genname",
    "internal/impl",
    "internal/mapsort",
    "internal/pragma",
    "internal/set",
    "internal/strs",
    "internal/version",
    "proto",
    "reflect/protoreflect",
    "reflect/protoregistry",
    "runtime/protoiface",
    "runtime/protoimpl",
    "types/known/anypb",
    "types/known/durationpb",
    "types/known/timestamppb",
  ]
  pruneopts = "UT"
  revision = "5c3dd7024aed895adfe053f26b5a479e991cbca9"
  version = "v1.24.0"

[solve-meta]
  analyzer-name = "dep"
  analyzer-version = 1
  input-imports = [
    "github.com/golang/protobuf/proto",
    "github.com/golang/protobuf/ptypes/timestamp",
    "github.com/portto/flow/protobuf/go/flow/entities",
    "google.golang.org/grpc",
    "google.golang.org/grpc/codes",
    "google.golang.org/grpc/status",
  ]
  solver-name = "gps-cdcl"
  solver-version = 1
